
Microsoft Visual Studio Solution File, Format Version 12.00
# Visual Studio Version 17
VisualStudioVersion = 17.13.36105.23 d17.13
MinimumVisualStudioVersion = 10.0.40219.1
Project("{FAE04EC0-301F-11D3-BF4B-00C04F79EFBC}") = "Lechebnik", "Lechebnik\Lechebnik.csproj", "{1CAF0377-B283-46DB-AC4D-FB9D4087E9FB}"
EndProject
Global
	GlobalSection(SolutionConfigurationPlatforms) = preSolution
		Debug|Any CPU = Debug|Any CPU
		Release|Any CPU = Release|Any CPU
	EndGlobalSection
	GlobalSection(ProjectConfigurationPlatforms) = postSolution
		{1CAF0377-B283-46DB-AC4D-FB9D4087E9FB}.Debug|Any CPU.ActiveCfg = Debug|Any CPU
		{1CAF0377-B283-46DB-AC4D-FB9D4087E9FB}.Debug|Any CPU.Build.0 = Debug|Any CPU
		{1CAF0377-B283-46DB-AC4D-FB9D4087E9FB}.Release|Any CPU.ActiveCfg = Release|Any CPU
		{1CAF0377-B283-46DB-AC4D-FB9D4087E9FB}.Release|Any CPU.Build.0 = Release|Any CPU
	EndGlobalSection
	GlobalSection(SolutionProperties) = preSolution
		HideSolutionNode = FALSE
	EndGlobalSection
	GlobalSection(ExtensibilityGlobals) = postSolution
		SolutionGuid = {32A13968-ADB7-425E-8F24-32DED9613621}
	EndGlobalSection
EndGlobal
